
Microsoft Visual Studio Solution File, Format Version 12.00
# Visual Studio Version 16
VisualStudioVersion = 16.0.29519.87
MinimumVisualStudioVersion = 10.0.40219.1
Project("{FAE04EC0-301F-11D3-BF4B-00C04F79EFBC}") = "OculusLibrary", "OculusLibrary\OculusLibrary.csproj", "{499D6789-DA1D-44B8-9CF3-7EC07666FD6A}"
EndProject
Project("{FAE04EC0-301F-11D3-BF4B-00C04F79EFBC}") = "OculusLibrary.Tests", "OculusLibrary.Tests\OculusLibrary.Tests.csproj", "{0017FA7B-C646-4E68-BD18-9026C4C2B9E2}"
EndProject
Project("{2150E333-8FDC-42A3-9474-1A3956D46DE8}") = "Build", "Build", "{86EE50C4-652A-4179-A016-765DCB643568}"
	ProjectSection(SolutionItems) = preProject
		.github\workflows\main.yml = .github\workflows\main.yml
	EndProjectSection
EndProject
Global
	GlobalSection(SolutionConfigurationPlatforms) = preSolution
		Debug|Any CPU = Debug|Any CPU
		Release|Any CPU = Release|Any CPU
	EndGlobalSection
	GlobalSection(ProjectConfigurationPlatforms) = postSolution
		{499D6789-DA1D-44B8-9CF3-7EC07666FD6A}.Debug|Any CPU.ActiveCfg = Debug|Any CPU
		{499D6789-DA1D-44B8-9CF3-7EC07666FD6A}.Debug|Any CPU.Build.0 = Debug|Any CPU
		{499D6789-DA1D-44B8-9CF3-7EC07666FD6A}.Release|Any CPU.ActiveCfg = Release|Any CPU
		{499D6789-DA1D-44B8-9CF3-7EC07666FD6A}.Release|Any CPU.Build.0 = Release|Any CPU
		{0017FA7B-C646-4E68-BD18-9026C4C2B9E2}.Debug|Any CPU.ActiveCfg = Debug|Any CPU
		{0017FA7B-C646-4E68-BD18-9026C4C2B9E2}.Debug|Any CPU.Build.0 = Debug|Any CPU
		{0017FA7B-C646-4E68-BD18-9026C4C2B9E2}.Release|Any CPU.ActiveCfg = Release|Any CPU
		{0017FA7B-C646-4E68-BD18-9026C4C2B9E2}.Release|Any CPU.Build.0 = Release|Any CPU
	EndGlobalSection
	GlobalSection(SolutionProperties) = preSolution
		HideSolutionNode = FALSE
	EndGlobalSection
	GlobalSection(ExtensibilityGlobals) = postSolution
		SolutionGuid = {9C7B275C-A470-4FBB-A1B7-A7534E407031}
	EndGlobalSection
EndGlobal
